
Microsoft Visual Studio Solution File, Format Version 12.00
# Visual Studio 14
VisualStudioVersion = 14.0.23107.0
MinimumVisualStudioVersion = 10.0.40219.1
Project("{FAE04EC0-301F-11D3-BF4B-00C04F79EFBC}") = "GuardAngel", "GuardAngel\GuardAngel.csproj", "{E6F96C4C-2A85-42AF-B028-F505D77B9E84}"
EndProject
Project("{FAE04EC0-301F-11D3-BF4B-00C04F79EFBC}") = "GuardAngelWin", "GuardAngelWin\GuardAngelWin.csproj", "{7072EFDC-A981-4636-B033-E7AE083135AE}"
EndProject
Global
	GlobalSection(SolutionConfigurationPlatforms) = preSolution
		Debug|Any CPU = Debug|Any CPU
		Release|Any CPU = Release|Any CPU
	EndGlobalSection
	GlobalSection(ProjectConfigurationPlatforms) = postSolution
		{E6F96C4C-2A85-42AF-B028-F505D77B9E84}.Debug|Any CPU.ActiveCfg = Debug|Any CPU
		{E6F96C4C-2A85-42AF-B028-F505D77B9E84}.Debug|Any CPU.Build.0 = Debug|Any CPU
		{E6F96C4C-2A85-42AF-B028-F505D77B9E84}.Release|Any CPU.ActiveCfg = Release|Any CPU
		{E6F96C4C-2A85-42AF-B028-F505D77B9E84}.Release|Any CPU.Build.0 = Release|Any CPU
		{7072EFDC-A981-4636-B033-E7AE083135AE}.Debug|Any CPU.ActiveCfg = Debug|Any CPU
		{7072EFDC-A981-4636-B033-E7AE083135AE}.Debug|Any CPU.Build.0 = Debug|Any CPU
		{7072EFDC-A981-4636-B033-E7AE083135AE}.Release|Any CPU.ActiveCfg = Release|Any CPU
		{7072EFDC-A981-4636-B033-E7AE083135AE}.Release|Any CPU.Build.0 = Release|Any CPU
	EndGlobalSection
	GlobalSection(SolutionProperties) = preSolution
		HideSolutionNode = FALSE
	EndGlobalSection
EndGlobal
